
Microsoft Visual Studio Solution File, Format Version 12.00
# Visual Studio Version 16
VisualStudioVersion = 16.0.31105.61
MinimumVisualStudioVersion = 10.0.40219.1
Project("{FAE04EC0-301F-11D3-BF4B-00C04F79EFBC}") = "VoiceAmp", "VoiceAmp\VoiceAmp.csproj", "{37F80434-39C8-47D3-B15C-192EC77FD9FC}"
EndProject
Global
	GlobalSection(SolutionConfigurationPlatforms) = preSolution
		Debug|Any CPU = Debug|Any CPU
		Release|Any CPU = Release|Any CPU
	EndGlobalSection
	GlobalSection(ProjectConfigurationPlatforms) = postSolution
		{37F80434-39C8-47D3-B15C-192EC77FD9FC}.Debug|Any CPU.ActiveCfg = Debug|Any CPU
		{37F80434-39C8-47D3-B15C-192EC77FD9FC}.Debug|Any CPU.Build.0 = Debug|Any CPU
		{37F80434-39C8-47D3-B15C-192EC77FD9FC}.Release|Any CPU.ActiveCfg = Release|Any CPU
		{37F80434-39C8-47D3-B15C-192EC77FD9FC}.Release|Any CPU.Build.0 = Release|Any CPU
	EndGlobalSection
	GlobalSection(SolutionProperties) = preSolution
		HideSolutionNode = FALSE
	EndGlobalSection
	GlobalSection(ExtensibilityGlobals) = postSolution
		SolutionGuid = {A70802FF-B45E-4A58-B4C0-562686716BE2}
	EndGlobalSection
EndGlobal
